
Microsoft Visual Studio Solution File, Format Version 12.00
# Visual Studio 2013
VisualStudioVersion = 12.0.21005.1
MinimumVisualStudioVersion = 10.0.40219.1
Project("{FAE04EC0-301F-11D3-BF4B-00C04F79EFBC}") = "Lab.MIS.MonitorMIS", "Lab.MIS.MonitorMIS\Lab.MIS.MonitorMIS.csproj", "{3281A8CA-19B7-42E8-AF36-373913833A27}"
EndProject
Project("{2150E333-8FDC-42A3-9474-1A3956D46DE8}") = "UI", "UI", "{B786B36C-96F0-4FAE-92E3-E6E59C7F9DF4}"
EndProject
Project("{2150E333-8FDC-42A3-9474-1A3956D46DE8}") = "MODAL", "MODAL", "{58827573-6FFF-442A-AD9D-86F77675806E}"
EndProject
Project("{2150E333-8FDC-42A3-9474-1A3956D46DE8}") = "Dal", "Dal", "{B23ABD0C-7B4C-4FBD-96D8-F13280634081}"
EndProject
Project("{2150E333-8FDC-42A3-9474-1A3956D46DE8}") = "BLL", "BLL", "{C95636F6-3076-47E6-B5B3-E53CD0701437}"
EndProject
Project("{2150E333-8FDC-42A3-9474-1A3956D46DE8}") = "UnitTest", "UnitTest", "{24812227-6AAE-4704-B55D-CF3A97B32F78}"
	ProjectSection(SolutionItems) = preProject
		C:\Users\Ray\Desktop\searching.gif = C:\Users\Ray\Desktop\searching.gif
	EndProjectSection
EndProject
Project("{FAE04EC0-301F-11D3-BF4B-00C04F79EFBC}") = "Lab.MIS.Model", "Lab.MIS.Model\Lab.MIS.Model.csproj", "{8CDB6F7C-4E56-40F4-9302-FE7E78613C4B}"
EndProject
Project("{FAE04EC0-301F-11D3-BF4B-00C04F79EFBC}") = "Lab.MIS.EFDAL", "Lab.MIS.EFDAL\Lab.MIS.EFDAL.csproj", "{D96D86C6-ABC9-4136-B90A-EEA72A2C9D93}"
EndProject
Project("{FAE04EC0-301F-11D3-BF4B-00C04F79EFBC}") = "Lab.MIS.IDAL", "Lab.MIS.IDAL\Lab.MIS.IDAL.csproj", "{380B01C9-F998-431E-8E20-73CBE3A91788}"
EndProject
Project("{FAE04EC0-301F-11D3-BF4B-00C04F79EFBC}") = "Lab.MIS.BLL", "Lab.MIS.BLL\Lab.MIS.BLL.csproj", "{7ADFBF4B-7981-4E99-864C-58BEFE0C4173}"
EndProject
Project("{FAE04EC0-301F-11D3-BF4B-00C04F79EFBC}") = "Lab.MIS.DalFactory", "Lab.MIS.DalFactory\Lab.MIS.DalFactory.csproj", "{C357E239-9EC2-4BD5-9DAF-FE9071473195}"
EndProject
Project("{FAE04EC0-301F-11D3-BF4B-00C04F79EFBC}") = "Lab.MIS.UnitTest", "Lab.MIS.UnitTest\Lab.MIS.UnitTest.csproj", "{D8B8FF38-300E-4DDD-96D8-7A83960C21E4}"
EndProject
Global
	GlobalSection(SolutionConfigurationPlatforms) = preSolution
		Debug|Any CPU = Debug|Any CPU
		Release|Any CPU = Release|Any CPU
	EndGlobalSection
	GlobalSection(ProjectConfigurationPlatforms) = postSolution
		{3281A8CA-19B7-42E8-AF36-373913833A27}.Debug|Any CPU.ActiveCfg = Debug|Any CPU
		{3281A8CA-19B7-42E8-AF36-373913833A27}.Debug|Any CPU.Build.0 = Debug|Any CPU
		{3281A8CA-19B7-42E8-AF36-373913833A27}.Release|Any CPU.ActiveCfg = Release|Any CPU
		{3281A8CA-19B7-42E8-AF36-373913833A27}.Release|Any CPU.Build.0 = Release|Any CPU
		{8CDB6F7C-4E56-40F4-9302-FE7E78613C4B}.Debug|Any CPU.ActiveCfg = Debug|Any CPU
		{8CDB6F7C-4E56-40F4-9302-FE7E78613C4B}.Debug|Any CPU.Build.0 = Debug|Any CPU
		{8CDB6F7C-4E56-40F4-9302-FE7E78613C4B}.Release|Any CPU.ActiveCfg = Release|Any CPU
		{8CDB6F7C-4E56-40F4-9302-FE7E78613C4B}.Release|Any CPU.Build.0 = Release|Any CPU
		{D96D86C6-ABC9-4136-B90A-EEA72A2C9D93}.Debug|Any CPU.ActiveCfg = Debug|Any CPU
		{D96D86C6-ABC9-4136-B90A-EEA72A2C9D93}.Debug|Any CPU.Build.0 = Debug|Any CPU
		{D96D86C6-ABC9-4136-B90A-EEA72A2C9D93}.Release|Any CPU.ActiveCfg = Release|Any CPU
		{D96D86C6-ABC9-4136-B90A-EEA72A2C9D93}.Release|Any CPU.Build.0 = Release|Any CPU
		{380B01C9-F998-431E-8E20-73CBE3A91788}.Debug|Any CPU.ActiveCfg = Debug|Any CPU
		{380B01C9-F998-431E-8E20-73CBE3A91788}.Debug|Any CPU.Build.0 = Debug|Any CPU
		{380B01C9-F998-431E-8E20-73CBE3A91788}.Release|Any CPU.ActiveCfg = Release|Any CPU
		{380B01C9-F998-431E-8E20-73CBE3A91788}.Release|Any CPU.Build.0 = Release|Any CPU
		{7ADFBF4B-7981-4E99-864C-58BEFE0C4173}.Debug|Any CPU.ActiveCfg = Debug|Any CPU
		{7ADFBF4B-7981-4E99-864C-58BEFE0C4173}.Debug|Any CPU.Build.0 = Debug|Any CPU
		{7ADFBF4B-7981-4E99-864C-58BEFE0C4173}.Release|Any CPU.ActiveCfg = Release|Any CPU
		{7ADFBF4B-7981-4E99-864C-58BEFE0C4173}.Release|Any CPU.Build.0 = Release|Any CPU
		{C357E239-9EC2-4BD5-9DAF-FE9071473195}.Debug|Any CPU.ActiveCfg = Debug|Any CPU
		{C357E239-9EC2-4BD5-9DAF-FE9071473195}.Debug|Any CPU.Build.0 = Debug|Any CPU
		{C357E239-9EC2-4BD5-9DAF-FE9071473195}.Release|Any CPU.ActiveCfg = Release|Any CPU
		{C357E239-9EC2-4BD5-9DAF-FE9071473195}.Release|Any CPU.Build.0 = Release|Any CPU
		{D8B8FF38-300E-4DDD-96D8-7A83960C21E4}.Debug|Any CPU.ActiveCfg = Debug|Any CPU
		{D8B8FF38-300E-4DDD-96D8-7A83960C21E4}.Debug|Any CPU.Build.0 = Debug|Any CPU
		{D8B8FF38-300E-4DDD-96D8-7A83960C21E4}.Release|Any CPU.ActiveCfg = Release|Any CPU
		{D8B8FF38-300E-4DDD-96D8-7A83960C21E4}.Release|Any CPU.Build.0 = Release|Any CPU
	EndGlobalSection
	GlobalSection(SolutionProperties) = preSolution
		HideSolutionNode = FALSE
	EndGlobalSection
	GlobalSection(NestedProjects) = preSolution
		{3281A8CA-19B7-42E8-AF36-373913833A27} = {B786B36C-96F0-4FAE-92E3-E6E59C7F9DF4}
		{8CDB6F7C-4E56-40F4-9302-FE7E78613C4B} = {58827573-6FFF-442A-AD9D-86F77675806E}
		{D96D86C6-ABC9-4136-B90A-EEA72A2C9D93} = {B23ABD0C-7B4C-4FBD-96D8-F13280634081}
		{380B01C9-F998-431E-8E20-73CBE3A91788} = {B23ABD0C-7B4C-4FBD-96D8-F13280634081}
		{C357E239-9EC2-4BD5-9DAF-FE9071473195} = {B23ABD0C-7B4C-4FBD-96D8-F13280634081}
		{7ADFBF4B-7981-4E99-864C-58BEFE0C4173} = {C95636F6-3076-47E6-B5B3-E53CD0701437}
		{D8B8FF38-300E-4DDD-96D8-7A83960C21E4} = {24812227-6AAE-4704-B55D-CF3A97B32F78}
	EndGlobalSection
EndGlobal
